
Microsoft Visual Studio Solution File, Format Version 12.00
Project("{FAE04EC0-301F-11D3-BF4B-00C04F79EFBC}") = "Common", "Common\Common.csproj", "{FF86E56A-82B6-4B65-B0D6-A5F0130C8AFC}"
EndProject
Project("{FAE04EC0-301F-11D3-BF4B-00C04F79EFBC}") = "Domain", "Domain\Domain.csproj", "{41ADF5CF-950B-4E18-93DC-C5D848FA8CB5}"
EndProject
Project("{FAE04EC0-301F-11D3-BF4B-00C04F79EFBC}") = "Infrastructure", "Infrastructure\Infrastructure.csproj", "{FCAF318A-FF62-4645-B1A4-FACD8FE73101}"
EndProject
Project("{FAE04EC0-301F-11D3-BF4B-00C04F79EFBC}") = "Persistence", "Persistence\Persistence.csproj", "{FF32DAB2-3FE9-47B2-9EC0-F522237B8664}"
EndProject
Project("{2150E333-8FDC-42A3-9474-1A3956D46DE8}") = "Common", "Common", "{87EB7B79-1361-4506-AADB-62ED5754BA0C}"
EndProject
Project("{2150E333-8FDC-42A3-9474-1A3956D46DE8}") = "Domain", "Domain", "{D8FE6128-720C-4A49-8C25-9F49F525DACB}"
EndProject
Project("{2150E333-8FDC-42A3-9474-1A3956D46DE8}") = "Infrastructure", "Infrastructure", "{14E168CF-9348-4AE5-AD99-F7C74FF0609F}"
EndProject
Project("{2150E333-8FDC-42A3-9474-1A3956D46DE8}") = "Persistence", "Persistence", "{273C0954-A993-48B7-A02D-F935EA9DF3BF}"
EndProject
Project("{2150E333-8FDC-42A3-9474-1A3956D46DE8}") = "Website", "Website", "{CAC12488-8052-4F11-A44A-AB2ED845DC1E}"
EndProject
Project("{FAE04EC0-301F-11D3-BF4B-00C04F79EFBC}") = "Common.UnitTests", "Common.UnitTests\Common.UnitTests.csproj", "{4B21A8CE-2FCF-4A36-B101-BF7BCA434E20}"
EndProject
Project("{FAE04EC0-301F-11D3-BF4B-00C04F79EFBC}") = "Domain.UnitTests", "Domain.UnitTests\Domain.UnitTests.csproj", "{E242EA61-2FC6-4D13-BF6B-2ECA1E6B077E}"
EndProject
Project("{FAE04EC0-301F-11D3-BF4B-00C04F79EFBC}") = "Website.UnitTests", "Website.UnitTests\Website.UnitTests.csproj", "{0B710FE3-4AA5-4D79-9493-34B9C27CEE46}"
EndProject
Project("{FAE04EC0-301F-11D3-BF4B-00C04F79EFBC}") = "Persistence.UnitTests", "Persistence.UnitTests\Persistence.UnitTests.csproj", "{408BC2F6-B404-4764-A84D-8725FDD474DF}"
EndProject
Project("{FAE04EC0-301F-11D3-BF4B-00C04F79EFBC}") = "Infrastructure.UnitTests", "Infrastructure.UnitTests\Infrastructure.UnitTests.csproj", "{5E7CE4E5-F51A-4539-AE7C-B856E2583CF8}"
EndProject
Project("{FAE04EC0-301F-11D3-BF4B-00C04F79EFBC}") = "Website", "Website\Website.csproj", "{2808AD50-C250-4B30-A982-3FE4F454C418}"
EndProject
Project("{2150E333-8FDC-42A3-9474-1A3956D46DE8}") = "User Service", "User Service", "{179E9034-3CE0-4CD5-A34F-839DD02D609B}"
EndProject
Project("{2150E333-8FDC-42A3-9474-1A3956D46DE8}") = "Order Service", "Order Service", "{71C826E6-823F-4848-9A46-C8F69E02804B}"
EndProject
Project("{2150E333-8FDC-42A3-9474-1A3956D46DE8}") = "Services", "Services", "{8647158F-7407-4748-9FA3-44179E9119C1}"
EndProject
Project("{2150E333-8FDC-42A3-9474-1A3956D46DE8}") = "Assemblies", "Assemblies", "{F4ED87AA-4F57-40F4-AE64-8CE49FB10C01}"
EndProject
Project("{FAE04EC0-301F-11D3-BF4B-00C04F79EFBC}") = "OrderService", "OrderService\OrderService.csproj", "{C1CB8ECF-8971-4289-A8B4-A53E8CC5E96E}"
EndProject
Project("{FAE04EC0-301F-11D3-BF4B-00C04F79EFBC}") = "OrderService.UnitTests", "OrderService.UnitTests\OrderService.UnitTests.csproj", "{0BB300FB-CCCD-4976-8D2C-E91EF6356C42}"
EndProject
Project("{FAE04EC0-301F-11D3-BF4B-00C04F79EFBC}") = "UserService", "UserService\UserService.csproj", "{12F86FB8-4BD2-40AB-8BF9-F8E5B1ED5D9F}"
EndProject
Project("{FAE04EC0-301F-11D3-BF4B-00C04F79EFBC}") = "UserService.UnitTests", "UserService.UnitTests\UserService.UnitTests.csproj", "{D7F02A02-FDF1-41E5-A8C0-5C1CBF393541}"
EndProject
Global
	GlobalSection(SolutionConfigurationPlatforms) = preSolution
		Debug|Any CPU = Debug|Any CPU
		Release|Any CPU = Release|Any CPU
	EndGlobalSection
	GlobalSection(ProjectConfigurationPlatforms) = postSolution
		{FF86E56A-82B6-4B65-B0D6-A5F0130C8AFC}.Debug|Any CPU.ActiveCfg = Debug|Any CPU
		{FF86E56A-82B6-4B65-B0D6-A5F0130C8AFC}.Debug|Any CPU.Build.0 = Debug|Any CPU
		{FF86E56A-82B6-4B65-B0D6-A5F0130C8AFC}.Release|Any CPU.ActiveCfg = Release|Any CPU
		{FF86E56A-82B6-4B65-B0D6-A5F0130C8AFC}.Release|Any CPU.Build.0 = Release|Any CPU
		{41ADF5CF-950B-4E18-93DC-C5D848FA8CB5}.Debug|Any CPU.ActiveCfg = Debug|Any CPU
		{41ADF5CF-950B-4E18-93DC-C5D848FA8CB5}.Debug|Any CPU.Build.0 = Debug|Any CPU
		{41ADF5CF-950B-4E18-93DC-C5D848FA8CB5}.Release|Any CPU.ActiveCfg = Release|Any CPU
		{41ADF5CF-950B-4E18-93DC-C5D848FA8CB5}.Release|Any CPU.Build.0 = Release|Any CPU
		{FCAF318A-FF62-4645-B1A4-FACD8FE73101}.Debug|Any CPU.ActiveCfg = Debug|Any CPU
		{FCAF318A-FF62-4645-B1A4-FACD8FE73101}.Debug|Any CPU.Build.0 = Debug|Any CPU
		{FCAF318A-FF62-4645-B1A4-FACD8FE73101}.Release|Any CPU.ActiveCfg = Release|Any CPU
		{FCAF318A-FF62-4645-B1A4-FACD8FE73101}.Release|Any CPU.Build.0 = Release|Any CPU
		{FF32DAB2-3FE9-47B2-9EC0-F522237B8664}.Debug|Any CPU.ActiveCfg = Debug|Any CPU
		{FF32DAB2-3FE9-47B2-9EC0-F522237B8664}.Debug|Any CPU.Build.0 = Debug|Any CPU
		{FF32DAB2-3FE9-47B2-9EC0-F522237B8664}.Release|Any CPU.ActiveCfg = Release|Any CPU
		{FF32DAB2-3FE9-47B2-9EC0-F522237B8664}.Release|Any CPU.Build.0 = Release|Any CPU
		{4B21A8CE-2FCF-4A36-B101-BF7BCA434E20}.Debug|Any CPU.ActiveCfg = Debug|Any CPU
		{4B21A8CE-2FCF-4A36-B101-BF7BCA434E20}.Debug|Any CPU.Build.0 = Debug|Any CPU
		{4B21A8CE-2FCF-4A36-B101-BF7BCA434E20}.Release|Any CPU.ActiveCfg = Release|Any CPU
		{4B21A8CE-2FCF-4A36-B101-BF7BCA434E20}.Release|Any CPU.Build.0 = Release|Any CPU
		{E242EA61-2FC6-4D13-BF6B-2ECA1E6B077E}.Debug|Any CPU.ActiveCfg = Debug|Any CPU
		{E242EA61-2FC6-4D13-BF6B-2ECA1E6B077E}.Debug|Any CPU.Build.0 = Debug|Any CPU
		{E242EA61-2FC6-4D13-BF6B-2ECA1E6B077E}.Release|Any CPU.ActiveCfg = Release|Any CPU
		{E242EA61-2FC6-4D13-BF6B-2ECA1E6B077E}.Release|Any CPU.Build.0 = Release|Any CPU
		{0B710FE3-4AA5-4D79-9493-34B9C27CEE46}.Debug|Any CPU.ActiveCfg = Debug|Any CPU
		{0B710FE3-4AA5-4D79-9493-34B9C27CEE46}.Debug|Any CPU.Build.0 = Debug|Any CPU
		{0B710FE3-4AA5-4D79-9493-34B9C27CEE46}.Release|Any CPU.ActiveCfg = Release|Any CPU
		{0B710FE3-4AA5-4D79-9493-34B9C27CEE46}.Release|Any CPU.Build.0 = Release|Any CPU
		{408BC2F6-B404-4764-A84D-8725FDD474DF}.Debug|Any CPU.ActiveCfg = Debug|Any CPU
		{408BC2F6-B404-4764-A84D-8725FDD474DF}.Debug|Any CPU.Build.0 = Debug|Any CPU
		{408BC2F6-B404-4764-A84D-8725FDD474DF}.Release|Any CPU.ActiveCfg = Release|Any CPU
		{408BC2F6-B404-4764-A84D-8725FDD474DF}.Release|Any CPU.Build.0 = Release|Any CPU
		{5E7CE4E5-F51A-4539-AE7C-B856E2583CF8}.Debug|Any CPU.ActiveCfg = Debug|Any CPU
		{5E7CE4E5-F51A-4539-AE7C-B856E2583CF8}.Debug|Any CPU.Build.0 = Debug|Any CPU
		{5E7CE4E5-F51A-4539-AE7C-B856E2583CF8}.Release|Any CPU.ActiveCfg = Release|Any CPU
		{5E7CE4E5-F51A-4539-AE7C-B856E2583CF8}.Release|Any CPU.Build.0 = Release|Any CPU
		{2808AD50-C250-4B30-A982-3FE4F454C418}.Debug|Any CPU.ActiveCfg = Debug|Any CPU
		{2808AD50-C250-4B30-A982-3FE4F454C418}.Debug|Any CPU.Build.0 = Debug|Any CPU
		{2808AD50-C250-4B30-A982-3FE4F454C418}.Release|Any CPU.ActiveCfg = Release|Any CPU
		{2808AD50-C250-4B30-A982-3FE4F454C418}.Release|Any CPU.Build.0 = Release|Any CPU
		{C1CB8ECF-8971-4289-A8B4-A53E8CC5E96E}.Debug|Any CPU.ActiveCfg = Debug|Any CPU
		{C1CB8ECF-8971-4289-A8B4-A53E8CC5E96E}.Debug|Any CPU.Build.0 = Debug|Any CPU
		{C1CB8ECF-8971-4289-A8B4-A53E8CC5E96E}.Release|Any CPU.ActiveCfg = Release|Any CPU
		{C1CB8ECF-8971-4289-A8B4-A53E8CC5E96E}.Release|Any CPU.Build.0 = Release|Any CPU
		{0BB300FB-CCCD-4976-8D2C-E91EF6356C42}.Debug|Any CPU.ActiveCfg = Debug|Any CPU
		{0BB300FB-CCCD-4976-8D2C-E91EF6356C42}.Debug|Any CPU.Build.0 = Debug|Any CPU
		{0BB300FB-CCCD-4976-8D2C-E91EF6356C42}.Release|Any CPU.ActiveCfg = Release|Any CPU
		{0BB300FB-CCCD-4976-8D2C-E91EF6356C42}.Release|Any CPU.Build.0 = Release|Any CPU
		{12F86FB8-4BD2-40AB-8BF9-F8E5B1ED5D9F}.Debug|Any CPU.ActiveCfg = Debug|Any CPU
		{12F86FB8-4BD2-40AB-8BF9-F8E5B1ED5D9F}.Debug|Any CPU.Build.0 = Debug|Any CPU
		{12F86FB8-4BD2-40AB-8BF9-F8E5B1ED5D9F}.Release|Any CPU.ActiveCfg = Release|Any CPU
		{12F86FB8-4BD2-40AB-8BF9-F8E5B1ED5D9F}.Release|Any CPU.Build.0 = Release|Any CPU
		{D7F02A02-FDF1-41E5-A8C0-5C1CBF393541}.Debug|Any CPU.ActiveCfg = Debug|Any CPU
		{D7F02A02-FDF1-41E5-A8C0-5C1CBF393541}.Debug|Any CPU.Build.0 = Debug|Any CPU
		{D7F02A02-FDF1-41E5-A8C0-5C1CBF393541}.Release|Any CPU.ActiveCfg = Release|Any CPU
		{D7F02A02-FDF1-41E5-A8C0-5C1CBF393541}.Release|Any CPU.Build.0 = Release|Any CPU
	EndGlobalSection
	GlobalSection(NestedProjects) = preSolution
		{FF86E56A-82B6-4B65-B0D6-A5F0130C8AFC} = {87EB7B79-1361-4506-AADB-62ED5754BA0C}
		{41ADF5CF-950B-4E18-93DC-C5D848FA8CB5} = {D8FE6128-720C-4A49-8C25-9F49F525DACB}
		{FCAF318A-FF62-4645-B1A4-FACD8FE73101} = {14E168CF-9348-4AE5-AD99-F7C74FF0609F}
		{FF32DAB2-3FE9-47B2-9EC0-F522237B8664} = {273C0954-A993-48B7-A02D-F935EA9DF3BF}
		{4B21A8CE-2FCF-4A36-B101-BF7BCA434E20} = {87EB7B79-1361-4506-AADB-62ED5754BA0C}
		{E242EA61-2FC6-4D13-BF6B-2ECA1E6B077E} = {D8FE6128-720C-4A49-8C25-9F49F525DACB}
		{0B710FE3-4AA5-4D79-9493-34B9C27CEE46} = {CAC12488-8052-4F11-A44A-AB2ED845DC1E}
		{408BC2F6-B404-4764-A84D-8725FDD474DF} = {273C0954-A993-48B7-A02D-F935EA9DF3BF}
		{5E7CE4E5-F51A-4539-AE7C-B856E2583CF8} = {14E168CF-9348-4AE5-AD99-F7C74FF0609F}
		{2808AD50-C250-4B30-A982-3FE4F454C418} = {CAC12488-8052-4F11-A44A-AB2ED845DC1E}
		{179E9034-3CE0-4CD5-A34F-839DD02D609B} = {8647158F-7407-4748-9FA3-44179E9119C1}
		{71C826E6-823F-4848-9A46-C8F69E02804B} = {8647158F-7407-4748-9FA3-44179E9119C1}
		{87EB7B79-1361-4506-AADB-62ED5754BA0C} = {F4ED87AA-4F57-40F4-AE64-8CE49FB10C01}
		{D8FE6128-720C-4A49-8C25-9F49F525DACB} = {F4ED87AA-4F57-40F4-AE64-8CE49FB10C01}
		{14E168CF-9348-4AE5-AD99-F7C74FF0609F} = {F4ED87AA-4F57-40F4-AE64-8CE49FB10C01}
		{273C0954-A993-48B7-A02D-F935EA9DF3BF} = {F4ED87AA-4F57-40F4-AE64-8CE49FB10C01}
		{C1CB8ECF-8971-4289-A8B4-A53E8CC5E96E} = {71C826E6-823F-4848-9A46-C8F69E02804B}
		{0BB300FB-CCCD-4976-8D2C-E91EF6356C42} = {71C826E6-823F-4848-9A46-C8F69E02804B}
		{12F86FB8-4BD2-40AB-8BF9-F8E5B1ED5D9F} = {179E9034-3CE0-4CD5-A34F-839DD02D609B}
		{D7F02A02-FDF1-41E5-A8C0-5C1CBF393541} = {179E9034-3CE0-4CD5-A34F-839DD02D609B}
	EndGlobalSection
EndGlobal
